
Microsoft Visual Studio Solution File, Format Version 12.00
# Visual Studio Version 17
VisualStudioVersion = 17.4.33213.308
MinimumVisualStudioVersion = 10.0.40219.1
Project("{FAE04EC0-301F-11D3-BF4B-00C04F79EFBC}") = "OnClass_20230221_01", "OnClass_20230221_01\OnClass_20230221_01.csproj", "{2F823D01-6F15-4711-BCB6-77AD0F3769BB}"
EndProject
Global
	GlobalSection(SolutionConfigurationPlatforms) = preSolution
		Debug|Any CPU = Debug|Any CPU
		Release|Any CPU = Release|Any CPU
	EndGlobalSection
	GlobalSection(ProjectConfigurationPlatforms) = postSolution
		{2F823D01-6F15-4711-BCB6-77AD0F3769BB}.Debug|Any CPU.ActiveCfg = Debug|Any CPU
		{2F823D01-6F15-4711-BCB6-77AD0F3769BB}.Debug|Any CPU.Build.0 = Debug|Any CPU
		{2F823D01-6F15-4711-BCB6-77AD0F3769BB}.Release|Any CPU.ActiveCfg = Release|Any CPU
		{2F823D01-6F15-4711-BCB6-77AD0F3769BB}.Release|Any CPU.Build.0 = Release|Any CPU
	EndGlobalSection
	GlobalSection(SolutionProperties) = preSolution
		HideSolutionNode = FALSE
	EndGlobalSection
	GlobalSection(ExtensibilityGlobals) = postSolution
		SolutionGuid = {029BE25B-8A4A-48F2-9211-3C4D7ECA33F1}
	EndGlobalSection
EndGlobal
